
Microsoft Visual Studio Solution File, Format Version 12.00
# Visual Studio Version 16
VisualStudioVersion = 16.0.29613.14
MinimumVisualStudioVersion = 10.0.40219.1
Project("{FAE04EC0-301F-11D3-BF4B-00C04F79EFBC}") = "CognitoInClass", "CognitoInClass\CognitoInClass.csproj", "{9AB7CC73-A2D3-4830-BDB8-4D45557A564D}"
EndProject
Global
	GlobalSection(SolutionConfigurationPlatforms) = preSolution
		Debug|Any CPU = Debug|Any CPU
		Release|Any CPU = Release|Any CPU
	EndGlobalSection
	GlobalSection(ProjectConfigurationPlatforms) = postSolution
		{9AB7CC73-A2D3-4830-BDB8-4D45557A564D}.Debug|Any CPU.ActiveCfg = Debug|Any CPU
		{9AB7CC73-A2D3-4830-BDB8-4D45557A564D}.Debug|Any CPU.Build.0 = Debug|Any CPU
		{9AB7CC73-A2D3-4830-BDB8-4D45557A564D}.Release|Any CPU.ActiveCfg = Release|Any CPU
		{9AB7CC73-A2D3-4830-BDB8-4D45557A564D}.Release|Any CPU.Build.0 = Release|Any CPU
	EndGlobalSection
	GlobalSection(SolutionProperties) = preSolution
		HideSolutionNode = FALSE
	EndGlobalSection
	GlobalSection(ExtensibilityGlobals) = postSolution
		SolutionGuid = {5FCB8850-96B0-4C27-9BAF-2FD548901D1D}
	EndGlobalSection
EndGlobal
